<Solution>
  <Project Path="Api/Api.csproj" />
  <Project Path="Application/Application.csproj" Id="e11d10c2-106d-4ab9-9b5c-f4db295a249c" />
  <Project Path="Consumer/Consumer.csproj" />
  <Project Path="Domain/Domain.csproj" Id="d00789e4-c089-48b3-beb0-51b3f10d7e61" />
  <Project Path="GraphImporter/GraphImporter.csproj" />
  <Project Path="Infrastructure/Infrastructure.csproj" Id="b40d2eed-84f7-4949-a484-71b6550f9dfc" />
</Solution>
